
Microsoft Visual Studio Solution File, Format Version 10.00
# Visual C# Express 2008
Project("{FAE04EC0-301F-11D3-BF4B-00C04F79EFBC}") = "Unahi.CRake", "Unahi.CRake.csproj", "{AE68B647-2032-4835-8002-F4CBB743A476}"
EndProject
Global
	GlobalSection(SolutionConfigurationPlatforms) = preSolution
		Debug|Any CPU = Debug|Any CPU
		Release|Any CPU = Release|Any CPU
	EndGlobalSection
	GlobalSection(ProjectConfigurationPlatforms) = postSolution
		{AE68B647-2032-4835-8002-F4CBB743A476}.Debug|Any CPU.ActiveCfg = Debug|Any CPU
		{AE68B647-2032-4835-8002-F4CBB743A476}.Debug|Any CPU.Build.0 = Debug|Any CPU
		{AE68B647-2032-4835-8002-F4CBB743A476}.Release|Any CPU.ActiveCfg = Release|Any CPU
		{AE68B647-2032-4835-8002-F4CBB743A476}.Release|Any CPU.Build.0 = Release|Any CPU
	EndGlobalSection
	GlobalSection(SolutionProperties) = preSolution
		HideSolutionNode = FALSE
	EndGlobalSection
EndGlobal
